
Microsoft Visual Studio Solution File, Format Version 12.00
# Visual Studio Version 16
VisualStudioVersion = 16.0.31515.178
MinimumVisualStudioVersion = 10.0.40219.1
Project("{FAE04EC0-301F-11D3-BF4B-00C04F79EFBC}") = "SchoolExercise", "SchoolExercise.csproj", "{186507B3-0BD3-41C6-A25E-59E40A64D723}"
EndProject
Project("{FAE04EC0-301F-11D3-BF4B-00C04F79EFBC}") = "MsTests", "..\MsTests\MsTests.csproj", "{78BC9E73-0E8F-4B6A-9A46-99C7C1F67510}"
EndProject
Global
	GlobalSection(SolutionConfigurationPlatforms) = preSolution
		Debug|Any CPU = Debug|Any CPU
		Release|Any CPU = Release|Any CPU
	EndGlobalSection
	GlobalSection(ProjectConfigurationPlatforms) = postSolution
		{186507B3-0BD3-41C6-A25E-59E40A64D723}.Debug|Any CPU.ActiveCfg = Debug|Any CPU
		{186507B3-0BD3-41C6-A25E-59E40A64D723}.Debug|Any CPU.Build.0 = Debug|Any CPU
		{186507B3-0BD3-41C6-A25E-59E40A64D723}.Release|Any CPU.ActiveCfg = Release|Any CPU
		{186507B3-0BD3-41C6-A25E-59E40A64D723}.Release|Any CPU.Build.0 = Release|Any CPU
		{78BC9E73-0E8F-4B6A-9A46-99C7C1F67510}.Debug|Any CPU.ActiveCfg = Debug|Any CPU
		{78BC9E73-0E8F-4B6A-9A46-99C7C1F67510}.Debug|Any CPU.Build.0 = Debug|Any CPU
		{78BC9E73-0E8F-4B6A-9A46-99C7C1F67510}.Release|Any CPU.ActiveCfg = Release|Any CPU
		{78BC9E73-0E8F-4B6A-9A46-99C7C1F67510}.Release|Any CPU.Build.0 = Release|Any CPU
	EndGlobalSection
	GlobalSection(SolutionProperties) = preSolution
		HideSolutionNode = FALSE
	EndGlobalSection
	GlobalSection(ExtensibilityGlobals) = postSolution
		SolutionGuid = {DF948A04-96E2-4FFB-801E-121FDAD49375}
	EndGlobalSection
EndGlobal
